
Microsoft Visual Studio Solution File, Format Version 12.00
# Visual Studio Version 17
VisualStudioVersion = 17.11.35312.102
MinimumVisualStudioVersion = 10.0.40219.1
Project("{FAE04EC0-301F-11D3-BF4B-00C04F79EFBC}") = "MovieManagementAPI", "MovieManagementAPI\MovieManagementAPI.csproj", "{77FD2BCB-841A-4639-822E-278031DBBB0B}"
EndProject
Global
	GlobalSection(SolutionConfigurationPlatforms) = preSolution
		Debug|Any CPU = Debug|Any CPU
		Release|Any CPU = Release|Any CPU
	EndGlobalSection
	GlobalSection(ProjectConfigurationPlatforms) = postSolution
		{77FD2BCB-841A-4639-822E-278031DBBB0B}.Debug|Any CPU.ActiveCfg = Debug|Any CPU
		{77FD2BCB-841A-4639-822E-278031DBBB0B}.Debug|Any CPU.Build.0 = Debug|Any CPU
		{77FD2BCB-841A-4639-822E-278031DBBB0B}.Release|Any CPU.ActiveCfg = Release|Any CPU
		{77FD2BCB-841A-4639-822E-278031DBBB0B}.Release|Any CPU.Build.0 = Release|Any CPU
	EndGlobalSection
	GlobalSection(SolutionProperties) = preSolution
		HideSolutionNode = FALSE
	EndGlobalSection
	GlobalSection(ExtensibilityGlobals) = postSolution
		SolutionGuid = {AF2964AC-55F5-4061-8E56-ECAA40381B41}
	EndGlobalSection
EndGlobal
